// !$*UTF8*$!
{
	archiveVersion = 1;
	classes = {
	};
	objectVersion = 55;
	objects = {

/* Begin PBXBuildFile section */
		BDC7CCA12716EE2E007FE0FB /* AppDelegate.swift in Sources */ = {isa = PBXBuildFile; fileRef = BDC7CCA02716EE2E007FE0FB /* AppDelegate.swift */; };
		BDC7CCA32716EE2E007FE0FB /* SceneDelegate.swift in Sources */ = {isa = PBXBuildFile; fileRef = BDC7CCA22716EE2E007FE0FB /* SceneDelegate.swift */; };
		BDC7CCA52716EE2E007FE0FB /* ViewController.swift in Sources */ = {isa = PBXBuildFile; fileRef = BDC7CCA42716EE2E007FE0FB /* ViewController.swift */; };
		BDC7CCA82716EE2E007FE0FB /* Main.storyboard in Resources */ = {isa = PBXBuildFile; fileRef = BDC7CCA62716EE2E007FE0FB /* Main.storyboard */; };
		BDC7CCAA2716EE2F007FE0FB /* Assets.xcassets in Resources */ = {isa = PBXBuildFile; fileRef = BDC7CCA92716EE2F007FE0FB /* Assets.xcassets */; };
		BDC7CCAD2716EE2F007FE0FB /* LaunchScreen.storyboard in Resources */ = {isa = PBXBuildFile; fileRef = BDC7CCAB2716EE2F007FE0FB /* LaunchScreen.storyboard */; };
		BDC7CCBA2716F119007FE0FB /* Localizable.strings in Resources */ = {isa = PBXBuildFile; fileRef = BDC7CCBC2716F119007FE0FB /* Localizable.strings */; };
/* End PBXBuildFile section */

/* Begin PBXFileReference section */
		BDC7CC9D2716EE2E007FE0FB /* LocalizationExample.app */ = {isa = PBXFileReference; explicitFileType = wrapper.application; includeInIndex = 0; path = LocalizationExample.app; sourceTree = BUILT_PRODUCTS_DIR; };
		BDC7CCA02716EE2E007FE0FB /* AppDelegate.swift */ = {isa = PBXFileReference; lastKnownFileType = sourcecode.swift; path = AppDelegate.swift; sourceTree = "<group>"; };
		BDC7CCA22716EE2E007FE0FB /* SceneDelegate.swift */ = {isa = PBXFileReference; lastKnownFileType = sourcecode.swift; path = SceneDelegate.swift; sourceTree = "<group>"; };
		BDC7CCA42716EE2E007FE0FB /* ViewController.swift */ = {isa = PBXFileReference; lastKnownFileType = sourcecode.swift; path = ViewController.swift; sourceTree = "<group>"; };
		BDC7CCA72716EE2E007FE0FB /* Base */ = {isa = PBXFileReference; lastKnownFileType = file.storyboard; name = Base; path = Base.lproj/Main.storyboard; sourceTree = "<group>"; };
		BDC7CCA92716EE2F007FE0FB /* Assets.xcassets */ = {isa = PBXFileReference; lastKnownFileType = folder.assetcatalog; path = Assets.xcassets; sourceTree = "<group>"; };
		BDC7CCAC2716EE2F007FE0FB /* Base */ = {isa = PBXFileReference; lastKnownFileType = file.storyboard; name = Base; path = Base.lproj/LaunchScreen.storyboard; sourceTree = "<group>"; };
		BDC7CCAE2716EE2F007FE0FB /* Info.plist */ = {isa = PBXFileReference; lastKnownFileType = text.plist.xml; path = Info.plist; sourceTree = "<group>"; };
		BDC7CCB42716EF83007FE0FB /* es */ = {isa = PBXFileReference; lastKnownFileType = text.plist.strings; name = es; path = es.lproj/Main.strings; sourceTree = "<group>"; };
		BDC7CCB52716EF83007FE0FB /* es */ = {isa = PBXFileReference; lastKnownFileType = text.plist.strings; name = es; path = es.lproj/LaunchScreen.strings; sourceTree = "<group>"; };
		BDC7CCB72716EF91007FE0FB /* en */ = {isa = PBXFileReference; lastKnownFileType = text.plist.strings; name = en; path = en.lproj/Main.strings; sourceTree = "<group>"; };
		BDC7CCBB2716F119007FE0FB /* en */ = {isa = PBXFileReference; lastKnownFileType = text.plist.strings; name = en; path = en.lproj/Localizable.strings; sourceTree = "<group>"; };
		BDC7CCBD2716F11B007FE0FB /* es */ = {isa = PBXFileReference; lastKnownFileType = text.plist.strings; name = es; path = es.lproj/Localizable.strings; sourceTree = "<group>"; };
/* End PBXFileReference section */

/* Begin PBXFrameworksBuildPhase section */
		BDC7CC9A2716EE2E007FE0FB /* Frameworks */ = {
			isa = PBXFrameworksBuildPhase;
			buildActionMask = 2147483647;
			files = (
			);
			runOnlyForDeploymentPostprocessing = 0;
		};
/* End PBXFrameworksBuildPhase section */

/* Begin PBXGroup section */
		BDC7CC942716EE2E007FE0FB = {
			isa = PBXGroup;
			children = (
				BDC7CC9F2716EE2E007FE0FB /* LocalizationExample */,
				BDC7CC9E2716EE2E007FE0FB /* Products */,
			);
			sourceTree = "<group>";
		};
		BDC7CC9E2716EE2E007FE0FB /* Products */ = {
			isa = PBXGroup;
			children = (
				BDC7CC9D2716EE2E007FE0FB /* LocalizationExample.app */,
			);
			name = Products;
			sourceTree = "<group>";
		};
		BDC7CC9F2716EE2E007FE0FB /* LocalizationExample */ = {
			isa = PBXGroup;
			children = (
				BDC7CCA02716EE2E007FE0FB /* AppDelegate.swift */,
				BDC7CCA22716EE2E007FE0FB /* SceneDelegate.swift */,
				BDC7CCA42716EE2E007FE0FB /* ViewController.swift */,
				BDC7CCA62716EE2E007FE0FB /* Main.storyboard */,
				BDC7CCBC2716F119007FE0FB /* Localizable.strings */,
				BDC7CCA92716EE2F007FE0FB /* Assets.xcassets */,
				BDC7CCAB2716EE2F007FE0FB /* LaunchScreen.storyboard */,
				BDC7CCAE2716EE2F007FE0FB /* Info.plist */,
			);
			path = LocalizationExample;
			sourceTree = "<group>";
		};
/* End PBXGroup section */

/* Begin PBXNativeTarget section */
		BDC7CC9C2716EE2E007FE0FB /* LocalizationExample */ = {
			isa = PBXNativeTarget;
			buildConfigurationList = BDC7CCB12716EE2F007FE0FB /* Build configuration list for PBXNativeTarget "LocalizationExample" */;
			buildPhases = (
				BDC7CC992716EE2E007FE0FB /* Sources */,
				BDC7CC9A2716EE2E007FE0FB /* Frameworks */,
				BDC7CC9B2716EE2E007FE0FB /* Resources */,
			);
			buildRules = (
			);
			dependencies = (
			);
			name = LocalizationExample;
			productName = LocalizationExample;
			productReference = BDC7CC9D2716EE2E007FE0FB /* LocalizationExample.app */;
			productType = "com.apple.product-type.application";
		};
/* End PBXNativeTarget section */

/* Begin PBXProject section */
		BDC7CC952716EE2E007FE0FB /* Project object */ = {
			isa = PBXProject;
			attributes = {
				BuildIndependentTargetsInParallel = 1;
				LastSwiftUpdateCheck = 1300;
				LastUpgradeCheck = 1300;
				TargetAttributes = {
					BDC7CC9C2716EE2E007FE0FB = {
						CreatedOnToolsVersion = 13.0;
					};
				};
			};
			buildConfigurationList = BDC7CC982716EE2E007FE0FB /* Build configuration list for PBXProject "LocalizationExample" */;
			compatibilityVersion = "Xcode 13.0";
			developmentRegion = en;
			hasScannedForEncodings = 0;
			knownRegions = (
				en,
				Base,
				es,
			);
			mainGroup = BDC7CC942716EE2E007FE0FB;
			productRefGroup = BDC7CC9E2716EE2E007FE0FB /* Products */;
			projectDirPath = "";
			projectRoot = "";
			targets = (
				BDC7CC9C2716EE2E007FE0FB /* LocalizationExample */,
			);
		};
/* End PBXProject section */

/* Begin PBXResourcesBuildPhase section */
		BDC7CC9B2716EE2E007FE0FB /* Resources */ = {
			isa = PBXResourcesBuildPhase;
			buildActionMask = 2147483647;
			files = (
				BDC7CCAD2716EE2F007FE0FB /* LaunchScreen.storyboard in Resources */,
				BDC7CCBA2716F119007FE0FB /* Localizable.strings in Resources */,
				BDC7CCAA2716EE2F007FE0FB /* Assets.xcassets in Resources */,
				BDC7CCA82716EE2E007FE0FB /* Main.storyboard in Resources */,
			);
			runOnlyForDeploymentPostprocessing = 0;
		};
/* End PBXResourcesBuildPhase section */

/* Begin PBXSourcesBuildPhase section */
		BDC7CC992716EE2E007FE0FB /* Sources */ = {
			isa = PBXSourcesBuildPhase;
			buildActionMask = 2147483647;
			files = (
				BDC7CCA52716EE2E007FE0FB /* ViewController.swift in Sources */,
				BDC7CCA12716EE2E007FE0FB /* AppDelegate.swift in Sources */,
				BDC7CCA32716EE2E007FE0FB /* SceneDelegate.swift in Sources */,
			);
			runOnlyForDeploymentPostprocessing = 0;
		};
/* End PBXSourcesBuildPhase section */

/* Begin PBXVariantGroup section */
		BDC7CCA62716EE2E007FE0FB /* Main.storyboard */ = {
			isa = PBXVariantGroup;
			children = (
				BDC7CCA72716EE2E007FE0FB /* Base */,
				BDC7CCB42716EF83007FE0FB /* es */,
				BDC7CCB72716EF91007FE0FB /* en */,
			);
			name = Main.storyboard;
			sourceTree = "<group>";
		};
		BDC7CCAB2716EE2F007FE0FB /* LaunchScreen.storyboard */ = {
			isa = PBXVariantGroup;
			children = (
				BDC7CCAC2716EE2F007FE0FB /* Base */,
				BDC7CCB52716EF83007FE0FB /* es */,
			);
			name = LaunchScreen.storyboard;
			sourceTree = "<group>";
		};
		BDC7CCBC2716F119007FE0FB /* Localizable.strings */ = {
			isa = PBXVariantGroup;
			children = (
				BDC7CCBB2716F119007FE0FB /* en */,
				BDC7CCBD2716F11B007FE0FB /* es */,
			);
			name = Localizable.strings;
			sourceTree = "<group>";
		};
/* End PBXVariantGroup section */

/* Begin XCBuildConfiguration section */
		BDC7CCAF2716EE2F007FE0FB /* Debug */ = {
			isa = XCBuildConfiguration;
			buildSettings = {
				ALWAYS_SEARCH_USER_PATHS = NO;
				CLANG_ANALYZER_LOCALIZABILITY_NONLOCALIZED = YES;
				CLANG_ANALYZER_NONNULL = YES;
				CLANG_ANALYZER_NUMBER_OBJECT_CONVERSION = YES_AGGRESSIVE;
				CLANG_CXX_LANGUAGE_STANDARD = "gnu++17";
				CLANG_CXX_LIBRARY = "libc++";
				CLANG_ENABLE_MODULES = YES;
				CLANG_ENABLE_OBJC_ARC = YES;
				CLANG_ENABLE_OBJC_WEAK = YES;
				CLANG_WARN_BLOCK_CAPTURE_AUTORELEASING = YES;
				CLANG_WARN_BOOL_CONVERSION = YES;
				CLANG_WARN_COMMA = YES;
				CLANG_WARN_CONSTANT_CONVERSION = YES;
				CLANG_WARN_DEPRECATED_OBJC_IMPLEMENTATIONS = YES;
				CLANG_WARN_DIRECT_OBJC_ISA_USAGE = YES_ERROR;
				CLANG_WARN_DOCUMENTATION_COMMENTS = YES;
				CLANG_WARN_EMPTY_BODY = YES;
				CLANG_WARN_ENUM_CONVERSION = YES;
				CLANG_WARN_INFINITE_RECURSION = YES;
				CLANG_WARN_INT_CONVERSION = YES;
				CLANG_WARN_NON_LITERAL_NULL_CONVERSION = YES;
				CLANG_WARN_OBJC_IMPLICIT_RETAIN_SELF = YES;
				CLANG_WARN_OBJC_LITERAL_CONVERSION = YES;
				CLANG_WARN_OBJC_ROOT_CLASS = YES_ERROR;
				CLANG_WARN_QUOTED_INCLUDE_IN_FRAMEWORK_HEADER = YES;
				CLANG_WARN_RANGE_LOOP_ANALYSIS = YES;
				CLANG_WARN_STRICT_PROTOTYPES = YES;
				CLANG_WARN_SUSPICIOUS_MOVE = YES;
				CLANG_WARN_UNGUARDED_AVAILABILITY = YES_AGGRESSIVE;
				CLANG_WARN_UNREACHABLE_CODE = YES;
				CLANG_WARN__DUPLICATE_METHOD_MATCH = YES;
				COPY_PHASE_STRIP = NO;
				DEBUG_INFORMATION_FORMAT = dwarf;
				ENABLE_STRICT_OBJC_MSGSEND = YES;
				ENABLE_TESTABILITY = YES;
				GCC_C_LANGUAGE_STANDARD = gnu11;
				GCC_DYNAMIC_NO_PIC = NO;
				GCC_NO_COMMON_BLOCKS = YES;
				GCC_OPTIMIZATION_LEVEL = 0;
				GCC_PREPROCESSOR_DEFINITIONS = (
					"DEBUG=1",
					"$(inherited)",
				);
				GCC_WARN_64_TO_32_BIT_CONVERSION = YES;
				GCC_WARN_ABOUT_RETURN_TYPE = YES_ERROR;
				GCC_WARN_UNDECLARED_SELECTOR = YES;
				GCC_WARN_UNINITIALIZED_AUTOS = YES_AGGRESSIVE;
				GCC_WARN_UNUSED_FUNCTION = YES;
				GCC_WARN_UNUSED_VARIABLE = YES;
				IPHONEOS_DEPLOYMENT_TARGET = 15.0;
				MTL_ENABLE_DEBUG_INFO = INCLUDE_SOURCE;
				MTL_FAST_MATH = YES;
				ONLY_ACTIVE_ARCH = YES;
				SDKROOT = iphoneos;
				SWIFT_ACTIVE_COMPILATION_CONDITIONS = DEBUG;
				SWIFT_OPTIMIZATION_LEVEL = "-Onone";
			};
			name = Debug;
		};
		BDC7CCB02716EE2F007FE0FB /* Release */ = {
			isa = XCBuildConfiguration;
			buildSettings = {
				ALWAYS_SEARCH_USER_PATHS = NO;
				CLANG_ANALYZER_LOCALIZABILITY_NONLOCALIZED = YES;
				CLANG_ANALYZER_NONNULL = YES;
				CLANG_ANALYZER_NUMBER_OBJECT_CONVERSION = YES_AGGRESSIVE;
				CLANG_CXX_LANGUAGE_STANDARD = "gnu++17";
				CLANG_CXX_LIBRARY = "libc++";
				CLANG_ENABLE_MODULES = YES;
				CLANG_ENABLE_OBJC_ARC = YES;
				CLANG_ENABLE_OBJC_WEAK = YES;
				CLANG_WARN_BLOCK_CAPTURE_AUTORELEASING = YES;
				CLANG_WARN_BOOL_CONVERSION = YES;
				CLANG_WARN_COMMA = YES;
				CLANG_WARN_CONSTANT_CONVERSION = YES;
				CLANG_WARN_DEPRECATED_OBJC_IMPLEMENTATIONS = YES;
				CLANG_WARN_DIRECT_OBJC_ISA_USAGE = YES_ERROR;
				CLANG_WARN_DOCUMENTATION_COMMENTS = YES;
				CLANG_WARN_EMPTY_BODY = YES;
				CLANG_WARN_ENUM_CONVERSION = YES;
				CLANG_WARN_INFINITE_RECURSION = YES;
				CLANG_WARN_INT_CONVERSION = YES;
				CLANG_WARN_NON_LITERAL_NULL_CONVERSION = YES;
				CLANG_WARN_OBJC_IMPLICIT_RETAIN_SELF = YES;
				CLANG_WARN_OBJC_LITERAL_CONVERSION = YES;
				CLANG_WARN_OBJC_ROOT_CLASS = YES_ERROR;
				CLANG_WARN_QUOTED_INCLUDE_IN_FRAMEWORK_HEADER = YES;
				CLANG_WARN_RANGE_LOOP_ANALYSIS = YES;
				CLANG_WARN_STRICT_PROTOTYPES = YES;
				CLANG_WARN_SUSPICIOUS_MOVE = YES;
				CLANG_WARN_UNGUARDED_AVAILABILITY = YES_AGGRESSIVE;
				CLANG_WARN_UNREACHABLE_CODE = YES;
				CLANG_WARN__DUPLICATE_METHOD_MATCH = YES;
				COPY_PHASE_STRIP = NO;
				DEBUG_INFORMATION_FORMAT = "dwarf-with-dsym";
				ENABLE_NS_ASSERTIONS = NO;
				ENABLE_STRICT_OBJC_MSGSEND = YES;
				GCC_C_LANGUAGE_STANDARD = gnu11;
				GCC_NO_COMMON_BLOCKS = YES;
				GCC_WARN_64_TO_32_BIT_CONVERSION = YES;
				GCC_WARN_ABOUT_RETURN_TYPE = YES_ERROR;
				GCC_WARN_UNDECLARED_SELECTOR = YES;
				GCC_WARN_UNINITIALIZED_AUTOS = YES_AGGRESSIVE;
				GCC_WARN_UNUSED_FUNCTION = YES;
				GCC_WARN_UNUSED_VARIABLE = YES;
				IPHONEOS_DEPLOYMENT_TARGET = 15.0;
				MTL_ENABLE_DEBUG_INFO = NO;
				MTL_FAST_MATH = YES;
				SDKROOT = iphoneos;
				SWIFT_COMPILATION_MODE = wholemodule;
				SWIFT_OPTIMIZATION_LEVEL = "-O";
				VALIDATE_PRODUCT = YES;
			};
			name = Release;
		};
		BDC7CCB22716EE2F007FE0FB /* Debug */ = {
			isa = XCBuildConfiguration;
			buildSettings = {
				ASSETCATALOG_COMPILER_APPICON_NAME = AppIcon;
				ASSETCATALOG_COMPILER_GLOBAL_ACCENT_COLOR_NAME = AccentColor;
				CODE_SIGN_STYLE = Automatic;
				CURRENT_PROJECT_VERSION = 1;
				GENERATE_INFOPLIST_FILE = YES;
				INFOPLIST_FILE = LocalizationExample/Info.plist;
				INFOPLIST_KEY_UIApplicationSupportsIndirectInputEvents = YES;
				INFOPLIST_KEY_UILaunchStoryboardName = LaunchScreen;
				INFOPLIST_KEY_UIMainStoryboardFile = Main;
				INFOPLIST_KEY_UISupportedInterfaceOrientations_iPad = "UIInterfaceOrientationPortrait UIInterfaceOrientationPortraitUpsideDown UIInterfaceOrientationLandscapeLeft UIInterfaceOrientationLandscapeRight";
				INFOPLIST_KEY_UISupportedInterfaceOrientations_iPhone = "UIInterfaceOrientationPortrait UIInterfaceOrientationLandscapeLeft UIInterfaceOrientationLandscapeRight";
				LD_RUNPATH_SEARCH_PATHS = (
					"$(inherited)",
					"@executable_path/Frameworks",
				);
				MARKETING_VERSION = 1.0;
				PRODUCT_BUNDLE_IDENTIFIER = com.yml.LocalizationExample;
				PRODUCT_NAME = "$(TARGET_NAME)";
				SWIFT_EMIT_LOC_STRINGS = YES;
				SWIFT_VERSION = 5.0;
				TARGETED_DEVICE_FAMILY = "1,2";
			};
			name = Debug;
		};
		BDC7CCB32716EE2F007FE0FB /* Release */ = {
			isa = XCBuildConfiguration;
			buildSettings = {
				ASSETCATALOG_COMPILER_APPICON_NAME = AppIcon;
				ASSETCATALOG_COMPILER_GLOBAL_ACCENT_COLOR_NAME = AccentColor;
				CODE_SIGN_STYLE = Automatic;
				CURRENT_PROJECT_VERSION = 1;
				GENERATE_INFOPLIST_FILE = YES;
				INFOPLIST_FILE = LocalizationExample/Info.plist;
				INFOPLIST_KEY_UIApplicationSupportsIndirectInputEvents = YES;
				INFOPLIST_KEY_UILaunchStoryboardName = LaunchScreen;
				INFOPLIST_KEY_UIMainStoryboardFile = Main;
				INFOPLIST_KEY_UISupportedInterfaceOrientations_iPad = "UIInterfaceOrientationPortrait UIInterfaceOrientationPortraitUpsideDown UIInterfaceOrientationLandscapeLeft UIInterfaceOrientationLandscapeRight";
				INFOPLIST_KEY_UISupportedInterfaceOrientations_iPhone = "UIInterfaceOrientationPortrait UIInterfaceOrientationLandscapeLeft UIInterfaceOrientationLandscapeRight";
				LD_RUNPATH_SEARCH_PATHS = (
					"$(inherited)",
					"@executable_path/Frameworks",
				);
				MARKETING_VERSION = 1.0;
				PRODUCT_BUNDLE_IDENTIFIER = com.yml.LocalizationExample;
				PRODUCT_NAME = "$(TARGET_NAME)";
				SWIFT_EMIT_LOC_STRINGS = YES;
				SWIFT_VERSION = 5.0;
				TARGETED_DEVICE_FAMILY = "1,2";
			};
			name = Release;
		};
/* End XCBuildConfiguration section */

/* Begin XCConfigurationList section */
		BDC7CC982716EE2E007FE0FB /* Build configuration list for PBXProject "LocalizationExample" */ = {
			isa = XCConfigurationList;
			buildConfigurations = (
				BDC7CCAF2716EE2F007FE0FB /* Debug */,
				BDC7CCB02716EE2F007FE0FB /* Release */,
			);
			defaultConfigurationIsVisible = 0;
			defaultConfigurationName = Release;
		};
		BDC7CCB12716EE2F007FE0FB /* Build configuration list for PBXNativeTarget "LocalizationExample" */ = {
			isa = XCConfigurationList;
			buildConfigurations = (
				BDC7CCB22716EE2F007FE0FB /* Debug */,
				BDC7CCB32716EE2F007FE0FB /* Release */,
			);
			defaultConfigurationIsVisible = 0;
			defaultConfigurationName = Release;
		};
/* End XCConfigurationList section */
	};
	rootObject = BDC7CC952716EE2E007FE0FB /* Project object */;
}
